// !$*UTF8*$!
{
	archiveVersion = 1;
	classes = {
	};
	objectVersion = 46;
	objects = {

/* Begin PBXBuildFile section */
		AC2D815F1E9B9D1D00B13E75 /* AppDelegate.swift in Sources */ = {isa = PBXBuildFile; fileRef = AC2D815E1E9B9D1D00B13E75 /* AppDelegate.swift */; };
		AC2D81611E9B9D1D00B13E75 /* ViewController.swift in Sources */ = {isa = PBXBuildFile; fileRef = AC2D81601E9B9D1D00B13E75 /* ViewController.swift */; };
		AC2D81641E9B9D1D00B13E75 /* Main.storyboard in Resources */ = {isa = PBXBuildFile; fileRef = AC2D81621E9B9D1D00B13E75 /* Main.storyboard */; };
		AC2D81661E9B9D1D00B13E75 /* Assets.xcassets in Resources */ = {isa = PBXBuildFile; fileRef = AC2D81651E9B9D1D00B13E75 /* Assets.xcassets */; };
		AC2D81691E9B9D1D00B13E75 /* LaunchScreen.storyboard in Resources */ = {isa = PBXBuildFile; fileRef = AC2D81671E9B9D1D00B13E75 /* LaunchScreen.storyboard */; };
/* End PBXBuildFile section */

/* Begin PBXFileReference section */
		AC2D815B1E9B9D1D00B13E75 /* Aula-8.app */ = {isa = PBXFileReference; explicitFileType = wrapper.application; includeInIndex = 0; path = "Aula-8.app"; sourceTree = BUILT_PRODUCTS_DIR; };
		AC2D815E1E9B9D1D00B13E75 /* AppDelegate.swift */ = {isa = PBXFileReference; lastKnownFileType = sourcecode.swift; path = AppDelegate.swift; sourceTree = "<group>"; };
		AC2D81601E9B9D1D00B13E75 /* ViewController.swift */ = {isa = PBXFileReference; lastKnownFileType = sourcecode.swift; path = ViewController.swift; sourceTree = "<group>"; };
		AC2D81631E9B9D1D00B13E75 /* Base */ = {isa = PBXFileReference; lastKnownFileType = file.storyboard; name = Base; path = Base.lproj/Main.storyboard; sourceTree = "<group>"; };
		AC2D81651E9B9D1D00B13E75 /* Assets.xcassets */ = {isa = PBXFileReference; lastKnownFileType = folder.assetcatalog; path = Assets.xcassets; sourceTree = "<group>"; };
		AC2D81681E9B9D1D00B13E75 /* Base */ = {isa = PBXFileReference; lastKnownFileType = file.storyboard; name = Base; path = Base.lproj/LaunchScreen.storyboard; sourceTree = "<group>"; };
		AC2D816A1E9B9D1D00B13E75 /* Info.plist */ = {isa = PBXFileReference; lastKnownFileType = text.plist.xml; path = Info.plist; sourceTree = "<group>"; };
/* End PBXFileReference section */

/* Begin PBXFrameworksBuildPhase section */
		AC2D81581E9B9D1D00B13E75 /* Frameworks */ = {
			isa = PBXFrameworksBuildPhase;
			buildActionMask = 2147483647;
			files = (
			);
			runOnlyForDeploymentPostprocessing = 0;
		};
/* End PBXFrameworksBuildPhase section */

/* Begin PBXGroup section */
		AC2D81521E9B9D1D00B13E75 = {
			isa = PBXGroup;
			children = (
				AC2D815D1E9B9D1D00B13E75 /* Aula-8 */,
				AC2D815C1E9B9D1D00B13E75 /* Products */,
			);
			sourceTree = "<group>";
		};
		AC2D815C1E9B9D1D00B13E75 /* Products */ = {
			isa = PBXGroup;
			children = (
				AC2D815B1E9B9D1D00B13E75 /* Aula-8.app */,
			);
			name = Products;
			sourceTree = "<group>";
		};
		AC2D815D1E9B9D1D00B13E75 /* Aula-8 */ = {
			isa = PBXGroup;
			children = (
				AC2D815E1E9B9D1D00B13E75 /* AppDelegate.swift */,
				AC2D81601E9B9D1D00B13E75 /* ViewController.swift */,
				AC2D81621E9B9D1D00B13E75 /* Main.storyboard */,
				AC2D81651E9B9D1D00B13E75 /* Assets.xcassets */,
				AC2D81671E9B9D1D00B13E75 /* LaunchScreen.storyboard */,
				AC2D816A1E9B9D1D00B13E75 /* Info.plist */,
			);
			path = "Aula-8";
			sourceTree = "<group>";
		};
/* End PBXGroup section */

/* Begin PBXNativeTarget section */
		AC2D815A1E9B9D1D00B13E75 /* Aula-8 */ = {
			isa = PBXNativeTarget;
			buildConfigurationList = AC2D816D1E9B9D1D00B13E75 /* Build configuration list for PBXNativeTarget "Aula-8" */;
			buildPhases = (
				AC2D81571E9B9D1D00B13E75 /* Sources */,
				AC2D81581E9B9D1D00B13E75 /* Frameworks */,
				AC2D81591E9B9D1D00B13E75 /* Resources */,
			);
			buildRules = (
			);
			dependencies = (
			);
			name = "Aula-8";
			productName = "Aula-8";
			productReference = AC2D815B1E9B9D1D00B13E75 /* Aula-8.app */;
			productType = "com.apple.product-type.application";
		};
/* End PBXNativeTarget section */

/* Begin PBXProject section */
		AC2D81531E9B9D1D00B13E75 /* Project object */ = {
			isa = PBXProject;
			attributes = {
				LastSwiftUpdateCheck = 0810;
				LastUpgradeCheck = 0810;
				ORGANIZATIONNAME = "Usuário Convidado";
				TargetAttributes = {
					AC2D815A1E9B9D1D00B13E75 = {
						CreatedOnToolsVersion = 8.1;
						ProvisioningStyle = Automatic;
					};
				};
			};
			buildConfigurationList = AC2D81561E9B9D1D00B13E75 /* Build configuration list for PBXProject "Aula-8" */;
			compatibilityVersion = "Xcode 3.2";
			developmentRegion = English;
			hasScannedForEncodings = 0;
			knownRegions = (
				en,
				Base,
			);
			mainGroup = AC2D81521E9B9D1D00B13E75;
			productRefGroup = AC2D815C1E9B9D1D00B13E75 /* Products */;
			projectDirPath = "";
			projectRoot = "";
			targets = (
				AC2D815A1E9B9D1D00B13E75 /* Aula-8 */,
			);
		};
/* End PBXProject section */

/* Begin PBXResourcesBuildPhase section */
		AC2D81591E9B9D1D00B13E75 /* Resources */ = {
			isa = PBXResourcesBuildPhase;
			buildActionMask = 2147483647;
			files = (
				AC2D81691E9B9D1D00B13E75 /* LaunchScreen.storyboard in Resources */,
				AC2D81661E9B9D1D00B13E75 /* Assets.xcassets in Resources */,
				AC2D81641E9B9D1D00B13E75 /* Main.storyboard in Resources */,
			);
			runOnlyForDeploymentPostprocessing = 0;
		};
/* End PBXResourcesBuildPhase section */

/* Begin PBXSourcesBuildPhase section */
		AC2D81571E9B9D1D00B13E75 /* Sources */ = {
			isa = PBXSourcesBuildPhase;
			buildActionMask = 2147483647;
			files = (
				AC2D81611E9B9D1D00B13E75 /* ViewController.swift in Sources */,
				AC2D815F1E9B9D1D00B13E75 /* AppDelegate.swift in Sources */,
			);
			runOnlyForDeploymentPostprocessing = 0;
		};
/* End PBXSourcesBuildPhase section */

/* Begin PBXVariantGroup section */
		AC2D81621E9B9D1D00B13E75 /* Main.storyboard */ = {
			isa = PBXVariantGroup;
			children = (
				AC2D81631E9B9D1D00B13E75 /* Base */,
			);
			name = Main.storyboard;
			sourceTree = "<group>";
		};
		AC2D81671E9B9D1D00B13E75 /* LaunchScreen.storyboard */ = {
			isa = PBXVariantGroup;
			children = (
				AC2D81681E9B9D1D00B13E75 /* Base */,
			);
			name = LaunchScreen.storyboard;
			sourceTree = "<group>";
		};
/* End PBXVariantGroup section */

/* Begin XCBuildConfiguration section */
		AC2D816B1E9B9D1D00B13E75 /* Debug */ = {
			isa = XCBuildConfiguration;
			buildSettings = {
				ALWAYS_SEARCH_USER_PATHS = NO;
				CLANG_ANALYZER_NONNULL = YES;
				CLANG_CXX_LANGUAGE_STANDARD = "gnu++0x";
				CLANG_CXX_LIBRARY = "libc++";
				CLANG_ENABLE_MODULES = YES;
				CLANG_ENABLE_OBJC_ARC = YES;
				CLANG_WARN_BOOL_CONVERSION = YES;
				CLANG_WARN_CONSTANT_CONVERSION = YES;
				CLANG_WARN_DIRECT_OBJC_ISA_USAGE = YES_ERROR;
				CLANG_WARN_DOCUMENTATION_COMMENTS = YES;
				CLANG_WARN_EMPTY_BODY = YES;
				CLANG_WARN_ENUM_CONVERSION = YES;
				CLANG_WARN_INFINITE_RECURSION = YES;
				CLANG_WARN_INT_CONVERSION = YES;
				CLANG_WARN_OBJC_ROOT_CLASS = YES_ERROR;
				CLANG_WARN_SUSPICIOUS_MOVES = YES;
				CLANG_WARN_UNREACHABLE_CODE = YES;
				CLANG_WARN__DUPLICATE_METHOD_MATCH = YES;
				"CODE_SIGN_IDENTITY[sdk=iphoneos*]" = "iPhone Developer";
				COPY_PHASE_STRIP = NO;
				DEBUG_INFORMATION_FORMAT = dwarf;
				ENABLE_STRICT_OBJC_MSGSEND = YES;
				ENABLE_TESTABILITY = YES;
				GCC_C_LANGUAGE_STANDARD = gnu99;
				GCC_DYNAMIC_NO_PIC = NO;
				GCC_NO_COMMON_BLOCKS = YES;
				GCC_OPTIMIZATION_LEVEL = 0;
				GCC_PREPROCESSOR_DEFINITIONS = (
					"DEBUG=1",
					"$(inherited)",
				);
				GCC_WARN_64_TO_32_BIT_CONVERSION = YES;
				GCC_WARN_ABOUT_RETURN_TYPE = YES_ERROR;
				GCC_WARN_UNDECLARED_SELECTOR = YES;
				GCC_WARN_UNINITIALIZED_AUTOS = YES_AGGRESSIVE;
				GCC_WARN_UNUSED_FUNCTION = YES;
				GCC_WARN_UNUSED_VARIABLE = YES;
				IPHONEOS_DEPLOYMENT_TARGET = 10.1;
				MTL_ENABLE_DEBUG_INFO = YES;
				ONLY_ACTIVE_ARCH = YES;
				SDKROOT = iphoneos;
				SWIFT_ACTIVE_COMPILATION_CONDITIONS = DEBUG;
				SWIFT_OPTIMIZATION_LEVEL = "-Onone";
				TARGETED_DEVICE_FAMILY = "1,2";
			};
			name = Debug;
		};
		AC2D816C1E9B9D1D00B13E75 /* Release */ = {
			isa = XCBuildConfiguration;
			buildSettings = {
				ALWAYS_SEARCH_USER_PATHS = NO;
				CLANG_ANALYZER_NONNULL = YES;
				CLANG_CXX_LANGUAGE_STANDARD = "gnu++0x";
				CLANG_CXX_LIBRARY = "libc++";
				CLANG_ENABLE_MODULES = YES;
				CLANG_ENABLE_OBJC_ARC = YES;
				CLANG_WARN_BOOL_CONVERSION = YES;
				CLANG_WARN_CONSTANT_CONVERSION = YES;
				CLANG_WARN_DIRECT_OBJC_ISA_USAGE = YES_ERROR;
				CLANG_WARN_DOCUMENTATION_COMMENTS = YES;
				CLANG_WARN_EMPTY_BODY = YES;
				CLANG_WARN_ENUM_CONVERSION = YES;
				CLANG_WARN_INFINITE_RECURSION = YES;
				CLANG_WARN_INT_CONVERSION = YES;
				CLANG_WARN_OBJC_ROOT_CLASS = YES_ERROR;
				CLANG_WARN_SUSPICIOUS_MOVES = YES;
				CLANG_WARN_UNREACHABLE_CODE = YES;
				CLANG_WARN__DUPLICATE_METHOD_MATCH = YES;
				"CODE_SIGN_IDENTITY[sdk=iphoneos*]" = "iPhone Developer";
				COPY_PHASE_STRIP = NO;
				DEBUG_INFORMATION_FORMAT = "dwarf-with-dsym";
				ENABLE_NS_ASSERTIONS = NO;
				ENABLE_STRICT_OBJC_MSGSEND = YES;
				GCC_C_LANGUAGE_STANDARD = gnu99;
				GCC_NO_COMMON_BLOCKS = YES;
				GCC_WARN_64_TO_32_BIT_CONVERSION = YES;
				GCC_WARN_ABOUT_RETURN_TYPE = YES_ERROR;
				GCC_WARN_UNDECLARED_SELECTOR = YES;
				GCC_WARN_UNINITIALIZED_AUTOS = YES_AGGRESSIVE;
				GCC_WARN_UNUSED_FUNCTION = YES;
				GCC_WARN_UNUSED_VARIABLE = YES;
				IPHONEOS_DEPLOYMENT_TARGET = 10.1;
				MTL_ENABLE_DEBUG_INFO = NO;
				SDKROOT = iphoneos;
				SWIFT_OPTIMIZATION_LEVEL = "-Owholemodule";
				TARGETED_DEVICE_FAMILY = "1,2";
				VALIDATE_PRODUCT = YES;
			};
			name = Release;
		};
		AC2D816E1E9B9D1D00B13E75 /* Debug */ = {
			isa = XCBuildConfiguration;
			buildSettings = {
				ASSETCATALOG_COMPILER_APPICON_NAME = AppIcon;
				INFOPLIST_FILE = "Aula-8/Info.plist";
				LD_RUNPATH_SEARCH_PATHS = "$(inherited) @executable_path/Frameworks";
				PRODUCT_BUNDLE_IDENTIFIER = "ricardo.santos.Aula-8";
				PRODUCT_NAME = "$(TARGET_NAME)";
				SWIFT_VERSION = 3.0;
			};
			name = Debug;
		};
		AC2D816F1E9B9D1D00B13E75 /* Release */ = {
			isa = XCBuildConfiguration;
			buildSettings = {
				ASSETCATALOG_COMPILER_APPICON_NAME = AppIcon;
				INFOPLIST_FILE = "Aula-8/Info.plist";
				LD_RUNPATH_SEARCH_PATHS = "$(inherited) @executable_path/Frameworks";
				PRODUCT_BUNDLE_IDENTIFIER = "ricardo.santos.Aula-8";
				PRODUCT_NAME = "$(TARGET_NAME)";
				SWIFT_VERSION = 3.0;
			};
			name = Release;
		};
/* End XCBuildConfiguration section */

/* Begin XCConfigurationList section */
		AC2D81561E9B9D1D00B13E75 /* Build configuration list for PBXProject "Aula-8" */ = {
			isa = XCConfigurationList;
			buildConfigurations = (
				AC2D816B1E9B9D1D00B13E75 /* Debug */,
				AC2D816C1E9B9D1D00B13E75 /* Release */,
			);
			defaultConfigurationIsVisible = 0;
			defaultConfigurationName = Release;
		};
		AC2D816D1E9B9D1D00B13E75 /* Build configuration list for PBXNativeTarget "Aula-8" */ = {
			isa = XCConfigurationList;
			buildConfigurations = (
				AC2D816E1E9B9D1D00B13E75 /* Debug */,
				AC2D816F1E9B9D1D00B13E75 /* Release */,
			);
			defaultConfigurationIsVisible = 0;
		};
/* End XCConfigurationList section */
	};
	rootObject = AC2D81531E9B9D1D00B13E75 /* Project object */;
}
